
Microsoft Visual Studio Solution File, Format Version 12.00
# Visual Studio Version 16
VisualStudioVersion = 16.0.31205.134
MinimumVisualStudioVersion = 10.0.40219.1
Project("{8BC9CEB8-8B4A-11D0-8D11-00A0C91BC942}") = "CPP_Study00", "CPP_Study\CPP_Study.vcxproj", "{E621F200-1AEE-45A9-ACD5-3A7C01350B60}"
EndProject
Project("{8BC9CEB8-8B4A-11D0-8D11-00A0C91BC942}") = "CPP_Study01", "CPP_Study01\CPP_Study01.vcxproj", "{10779961-5F1A-4605-92ED-DC2AA34FD707}"
EndProject
Project("{8BC9CEB8-8B4A-11D0-8D11-00A0C91BC942}") = "CPP_Study02", "CPP_Study02\CPP_Study02.vcxproj", "{420B7753-6CC3-48A0-8F94-A6DB169B3D68}"
EndProject
Project("{8BC9CEB8-8B4A-11D0-8D11-00A0C91BC942}") = "CPP_Study03", "CPP_Study03\CPP_Study03.vcxproj", "{061E9AC0-BD48-4BA0-89F8-C999FEF9FF91}"
EndProject
Project("{8BC9CEB8-8B4A-11D0-8D11-00A0C91BC942}") = "CPP_Study04", "CPP_Study04\CPP_Study04.vcxproj", "{C2BB25B2-0C5A-441E-938D-66CF409F1D86}"
EndProject
Global
	GlobalSection(SolutionConfigurationPlatforms) = preSolution
		Debug|x64 = Debug|x64
		Debug|x86 = Debug|x86
		Release|x64 = Release|x64
		Release|x86 = Release|x86
	EndGlobalSection
	GlobalSection(ProjectConfigurationPlatforms) = postSolution
		{E621F200-1AEE-45A9-ACD5-3A7C01350B60}.Debug|x64.ActiveCfg = Debug|x64
		{E621F200-1AEE-45A9-ACD5-3A7C01350B60}.Debug|x64.Build.0 = Debug|x64
		{E621F200-1AEE-45A9-ACD5-3A7C01350B60}.Debug|x86.ActiveCfg = Debug|Win32
		{E621F200-1AEE-45A9-ACD5-3A7C01350B60}.Debug|x86.Build.0 = Debug|Win32
		{E621F200-1AEE-45A9-ACD5-3A7C01350B60}.Release|x64.ActiveCfg = Release|x64
		{E621F200-1AEE-45A9-ACD5-3A7C01350B60}.Release|x64.Build.0 = Release|x64
		{E621F200-1AEE-45A9-ACD5-3A7C01350B60}.Release|x86.ActiveCfg = Release|Win32
		{E621F200-1AEE-45A9-ACD5-3A7C01350B60}.Release|x86.Build.0 = Release|Win32
		{10779961-5F1A-4605-92ED-DC2AA34FD707}.Debug|x64.ActiveCfg = Debug|x64
		{10779961-5F1A-4605-92ED-DC2AA34FD707}.Debug|x64.Build.0 = Debug|x64
		{10779961-5F1A-4605-92ED-DC2AA34FD707}.Debug|x86.ActiveCfg = Debug|Win32
		{10779961-5F1A-4605-92ED-DC2AA34FD707}.Debug|x86.Build.0 = Debug|Win32
		{10779961-5F1A-4605-92ED-DC2AA34FD707}.Release|x64.ActiveCfg = Release|x64
		{10779961-5F1A-4605-92ED-DC2AA34FD707}.Release|x64.Build.0 = Release|x64
		{10779961-5F1A-4605-92ED-DC2AA34FD707}.Release|x86.ActiveCfg = Release|Win32
		{10779961-5F1A-4605-92ED-DC2AA34FD707}.Release|x86.Build.0 = Release|Win32
		{420B7753-6CC3-48A0-8F94-A6DB169B3D68}.Debug|x64.ActiveCfg = Debug|x64
		{420B7753-6CC3-48A0-8F94-A6DB169B3D68}.Debug|x64.Build.0 = Debug|x64
		{420B7753-6CC3-48A0-8F94-A6DB169B3D68}.Debug|x86.ActiveCfg = Debug|Win32
		{420B7753-6CC3-48A0-8F94-A6DB169B3D68}.Debug|x86.Build.0 = Debug|Win32
		{420B7753-6CC3-48A0-8F94-A6DB169B3D68}.Release|x64.ActiveCfg = Release|x64
		{420B7753-6CC3-48A0-8F94-A6DB169B3D68}.Release|x64.Build.0 = Release|x64
		{420B7753-6CC3-48A0-8F94-A6DB169B3D68}.Release|x86.ActiveCfg = Release|Win32
		{420B7753-6CC3-48A0-8F94-A6DB169B3D68}.Release|x86.Build.0 = Release|Win32
		{061E9AC0-BD48-4BA0-89F8-C999FEF9FF91}.Debug|x64.ActiveCfg = Debug|x64
		{061E9AC0-BD48-4BA0-89F8-C999FEF9FF91}.Debug|x64.Build.0 = Debug|x64
		{061E9AC0-BD48-4BA0-89F8-C999FEF9FF91}.Debug|x86.ActiveCfg = Debug|Win32
		{061E9AC0-BD48-4BA0-89F8-C999FEF9FF91}.Debug|x86.Build.0 = Debug|Win32
		{061E9AC0-BD48-4BA0-89F8-C999FEF9FF91}.Release|x64.ActiveCfg = Release|x64
		{061E9AC0-BD48-4BA0-89F8-C999FEF9FF91}.Release|x64.Build.0 = Release|x64
		{061E9AC0-BD48-4BA0-89F8-C999FEF9FF91}.Release|x86.ActiveCfg = Release|Win32
		{061E9AC0-BD48-4BA0-89F8-C999FEF9FF91}.Release|x86.Build.0 = Release|Win32
		{C2BB25B2-0C5A-441E-938D-66CF409F1D86}.Debug|x64.ActiveCfg = Debug|x64
		{C2BB25B2-0C5A-441E-938D-66CF409F1D86}.Debug|x64.Build.0 = Debug|x64
		{C2BB25B2-0C5A-441E-938D-66CF409F1D86}.Debug|x86.ActiveCfg = Debug|Win32
		{C2BB25B2-0C5A-441E-938D-66CF409F1D86}.Debug|x86.Build.0 = Debug|Win32
		{C2BB25B2-0C5A-441E-938D-66CF409F1D86}.Release|x64.ActiveCfg = Release|x64
		{C2BB25B2-0C5A-441E-938D-66CF409F1D86}.Release|x64.Build.0 = Release|x64
		{C2BB25B2-0C5A-441E-938D-66CF409F1D86}.Release|x86.ActiveCfg = Release|Win32
		{C2BB25B2-0C5A-441E-938D-66CF409F1D86}.Release|x86.Build.0 = Release|Win32
	EndGlobalSection
	GlobalSection(SolutionProperties) = preSolution
		HideSolutionNode = FALSE
	EndGlobalSection
	GlobalSection(ExtensibilityGlobals) = postSolution
		SolutionGuid = {7B4D6891-7BBF-4F21-AB15-12AE56BF4949}
	EndGlobalSection
EndGlobal
