
Microsoft Visual Studio Solution File, Format Version 12.00
# Visual Studio Version 16
VisualStudioVersion = 16.0.31205.134
MinimumVisualStudioVersion = 10.0.40219.1
Project("{8BC9CEB8-8B4A-11D0-8D11-00A0C91BC942}") = "CPP_Study00", "CPP_Study\CPP_Study.vcxproj", "{E621F200-1AEE-45A9-ACD5-3A7C01350B60}"
EndProject
Project("{8BC9CEB8-8B4A-11D0-8D11-00A0C91BC942}") = "CPP_Study01", "CPP_Study01\CPP_Study01.vcxproj", "{10779961-5F1A-4605-92ED-DC2AA34FD707}"
EndProject
Project("{8BC9CEB8-8B4A-11D0-8D11-00A0C91BC942}") = "CPP_Study02", "CPP_Study02\CPP_Study02.vcxproj", "{420B7753-6CC3-48A0-8F94-A6DB169B3D68}"
EndProject
Project("{8BC9CEB8-8B4A-11D0-8D11-00A0C91BC942}") = "CPP_Study03", "CPP_Study03\CPP_Study03.vcxproj", "{061E9AC0-BD48-4BA0-89F8-C999FEF9FF91}"
EndProject
Project("{8BC9CEB8-8B4A-11D0-8D11-00A0C91BC942}") = "CPP_Study04", "CPP_Study04\CPP_Study04.vcxproj", "{C2BB25B2-0C5A-441E-938D-66CF409F1D86}"
EndProject
Project("{8BC9CEB8-8B4A-11D0-8D11-00A0C91BC942}") = "CPP_Study05", "CPP_Study05\CPP_Study05.vcxproj", "{FF93BC3A-4F5D-4DD4-8944-F5DEF010F645}"
EndProject
Project("{8BC9CEB8-8B4A-11D0-8D11-00A0C91BC942}") = "CPP_Study06", "CPP_Study06\CPP_Study06.vcxproj", "{67D34171-0A7E-43E6-9579-E86659C135BB}"
EndProject
Project("{8BC9CEB8-8B4A-11D0-8D11-00A0C91BC942}") = "CPP_Study07", "CPP_Study07\CPP_Study07.vcxproj", "{1FECA07A-D689-44E7-8726-280CA5C745AD}"
EndProject
Project("{8BC9CEB8-8B4A-11D0-8D11-00A0C91BC942}") = "CPP_Study08", "CPP_Study08\CPP_Study08.vcxproj", "{A2271C32-CAA1-4BB7-B936-F543EF41B3D8}"
EndProject
Project("{8BC9CEB8-8B4A-11D0-8D11-00A0C91BC942}") = "CPP_Study09", "CPP_Study09\CPP_Study09.vcxproj", "{6AE23BBD-680C-460A-9CE8-0AB419835749}"
EndProject
Project("{8BC9CEB8-8B4A-11D0-8D11-00A0C91BC942}") = "CPP_Study10", "CPP_Study10\CPP_Study10.vcxproj", "{C09B0EA7-B61B-4CFC-AEFE-3FCA449A697F}"
EndProject
Project("{8BC9CEB8-8B4A-11D0-8D11-00A0C91BC942}") = "CPP_Study11", "CPP_Study11\CPP_Study11.vcxproj", "{08ABED89-867F-4A67-B34B-2D32F23E2A3A}"
EndProject
Project("{8BC9CEB8-8B4A-11D0-8D11-00A0C91BC942}") = "CPP_Study12", "CPP_Study12\CPP_Study12.vcxproj", "{76E72544-0E03-40D2-B687-32A8577BF9BE}"
EndProject
Project("{8BC9CEB8-8B4A-11D0-8D11-00A0C91BC942}") = "CPP_Study13", "CPP_Study13\CPP_Study13.vcxproj", "{8C1B57EB-4578-4182-BCD7-3932CAD6B6CC}"
EndProject
Project("{8BC9CEB8-8B4A-11D0-8D11-00A0C91BC942}") = "CPP_Study14", "CPP_Study14\CPP_Study14.vcxproj", "{F450A9F2-F085-44B5-AB45-A0120B89B3DC}"
EndProject
Project("{8BC9CEB8-8B4A-11D0-8D11-00A0C91BC942}") = "CPP_Study15", "CPP_Study15\CPP_Study15.vcxproj", "{AECC9DCE-0BB1-44C1-AACD-653135063276}"
EndProject
Project("{8BC9CEB8-8B4A-11D0-8D11-00A0C91BC942}") = "CPP_Study16", "CPP_Study16\CPP_Study16.vcxproj", "{D8F2A5E9-B871-48E7-9518-B02A9ADAD274}"
EndProject
Project("{8BC9CEB8-8B4A-11D0-8D11-00A0C91BC942}") = "CPP_Study17", "CPP_Study17\CPP_Study17.vcxproj", "{989EA475-C836-497C-A888-EFF39B58AFF2}"
EndProject
Project("{8BC9CEB8-8B4A-11D0-8D11-00A0C91BC942}") = "CPP_Study18", "CPP_Study18\CPP_Study18.vcxproj", "{8A6C7CB6-2247-4064-AF71-1C674BB87C7B}"
EndProject
Project("{8BC9CEB8-8B4A-11D0-8D11-00A0C91BC942}") = "CPP_Study19", "CPP_Study19\CPP_Study19.vcxproj", "{F2AC872C-1231-46C5-8C46-ABB94B13EA07}"
EndProject
Project("{8BC9CEB8-8B4A-11D0-8D11-00A0C91BC942}") = "CPP_Study20", "CPP_Study20\CPP_Study20.vcxproj", "{0B420B66-6C19-4AF9-B476-F1CA5847CCAD}"
EndProject
Project("{8BC9CEB8-8B4A-11D0-8D11-00A0C91BC942}") = "CPP_Study21", "CPP_Study21\CPP_Study21.vcxproj", "{16EE3AB2-65F5-4D1A-8048-5F4113FB1B82}"
EndProject
Project("{8BC9CEB8-8B4A-11D0-8D11-00A0C91BC942}") = "CPP_Study22", "CPP_Study22\CPP_Study22.vcxproj", "{2457307E-7C3B-4CEC-973E-BF8333D9871D}"
EndProject
Project("{8BC9CEB8-8B4A-11D0-8D11-00A0C91BC942}") = "CPP_Study23", "CPP_Study23\CPP_Study23.vcxproj", "{722A50FC-0427-4773-937F-D00C8EAB4857}"
EndProject
Project("{8BC9CEB8-8B4A-11D0-8D11-00A0C91BC942}") = "CPP_Study24", "CPP_Study24\CPP_Study24.vcxproj", "{13534CAD-9D62-402C-B7FA-A72A82918972}"
EndProject
Project("{8BC9CEB8-8B4A-11D0-8D11-00A0C91BC942}") = "CPP_Study25", "CPP_Study25\CPP_Study25.vcxproj", "{9A389ABE-41EA-4201-9912-E1A91F4F52C2}"
EndProject
Project("{8BC9CEB8-8B4A-11D0-8D11-00A0C91BC942}") = "CPP_Study26", "CPP_Study26\CPP_Study26.vcxproj", "{ECD54253-F680-4A2B-A3DD-3FB39B48BC54}"
EndProject
Project("{8BC9CEB8-8B4A-11D0-8D11-00A0C91BC942}") = "CPP_Study27", "CPP_Study27\CPP_Study27.vcxproj", "{DAFF57AF-85CF-4D58-BEFB-D4A83ED99801}"
EndProject
Project("{8BC9CEB8-8B4A-11D0-8D11-00A0C91BC942}") = "CPP_Study28", "CPP_Study28\CPP_Study28.vcxproj", "{B6B84854-0982-4EC2-B501-2F592D5E479B}"
EndProject
Project("{8BC9CEB8-8B4A-11D0-8D11-00A0C91BC942}") = "CPP_Study_29", "CPP_Study_29\CPP_Study_29.vcxproj", "{2D127838-5424-4B70-9BBC-4D32213E580F}"
EndProject
Global
	GlobalSection(SolutionConfigurationPlatforms) = preSolution
		Debug|x64 = Debug|x64
		Debug|x86 = Debug|x86
		Release|x64 = Release|x64
		Release|x86 = Release|x86
	EndGlobalSection
	GlobalSection(ProjectConfigurationPlatforms) = postSolution
		{E621F200-1AEE-45A9-ACD5-3A7C01350B60}.Debug|x64.ActiveCfg = Debug|x64
		{E621F200-1AEE-45A9-ACD5-3A7C01350B60}.Debug|x64.Build.0 = Debug|x64
		{E621F200-1AEE-45A9-ACD5-3A7C01350B60}.Debug|x86.ActiveCfg = Debug|Win32
		{E621F200-1AEE-45A9-ACD5-3A7C01350B60}.Debug|x86.Build.0 = Debug|Win32
		{E621F200-1AEE-45A9-ACD5-3A7C01350B60}.Release|x64.ActiveCfg = Release|x64
		{E621F200-1AEE-45A9-ACD5-3A7C01350B60}.Release|x64.Build.0 = Release|x64
		{E621F200-1AEE-45A9-ACD5-3A7C01350B60}.Release|x86.ActiveCfg = Release|Win32
		{E621F200-1AEE-45A9-ACD5-3A7C01350B60}.Release|x86.Build.0 = Release|Win32
		{10779961-5F1A-4605-92ED-DC2AA34FD707}.Debug|x64.ActiveCfg = Debug|x64
		{10779961-5F1A-4605-92ED-DC2AA34FD707}.Debug|x64.Build.0 = Debug|x64
		{10779961-5F1A-4605-92ED-DC2AA34FD707}.Debug|x86.ActiveCfg = Debug|Win32
		{10779961-5F1A-4605-92ED-DC2AA34FD707}.Debug|x86.Build.0 = Debug|Win32
		{10779961-5F1A-4605-92ED-DC2AA34FD707}.Release|x64.ActiveCfg = Release|x64
		{10779961-5F1A-4605-92ED-DC2AA34FD707}.Release|x64.Build.0 = Release|x64
		{10779961-5F1A-4605-92ED-DC2AA34FD707}.Release|x86.ActiveCfg = Release|Win32
		{10779961-5F1A-4605-92ED-DC2AA34FD707}.Release|x86.Build.0 = Release|Win32
		{420B7753-6CC3-48A0-8F94-A6DB169B3D68}.Debug|x64.ActiveCfg = Debug|x64
		{420B7753-6CC3-48A0-8F94-A6DB169B3D68}.Debug|x64.Build.0 = Debug|x64
		{420B7753-6CC3-48A0-8F94-A6DB169B3D68}.Debug|x86.ActiveCfg = Debug|Win32
		{420B7753-6CC3-48A0-8F94-A6DB169B3D68}.Debug|x86.Build.0 = Debug|Win32
		{420B7753-6CC3-48A0-8F94-A6DB169B3D68}.Release|x64.ActiveCfg = Release|x64
		{420B7753-6CC3-48A0-8F94-A6DB169B3D68}.Release|x64.Build.0 = Release|x64
		{420B7753-6CC3-48A0-8F94-A6DB169B3D68}.Release|x86.ActiveCfg = Release|Win32
		{420B7753-6CC3-48A0-8F94-A6DB169B3D68}.Release|x86.Build.0 = Release|Win32
		{061E9AC0-BD48-4BA0-89F8-C999FEF9FF91}.Debug|x64.ActiveCfg = Debug|x64
		{061E9AC0-BD48-4BA0-89F8-C999FEF9FF91}.Debug|x64.Build.0 = Debug|x64
		{061E9AC0-BD48-4BA0-89F8-C999FEF9FF91}.Debug|x86.ActiveCfg = Debug|Win32
		{061E9AC0-BD48-4BA0-89F8-C999FEF9FF91}.Debug|x86.Build.0 = Debug|Win32
		{061E9AC0-BD48-4BA0-89F8-C999FEF9FF91}.Release|x64.ActiveCfg = Release|x64
		{061E9AC0-BD48-4BA0-89F8-C999FEF9FF91}.Release|x64.Build.0 = Release|x64
		{061E9AC0-BD48-4BA0-89F8-C999FEF9FF91}.Release|x86.ActiveCfg = Release|Win32
		{061E9AC0-BD48-4BA0-89F8-C999FEF9FF91}.Release|x86.Build.0 = Release|Win32
		{C2BB25B2-0C5A-441E-938D-66CF409F1D86}.Debug|x64.ActiveCfg = Debug|x64
		{C2BB25B2-0C5A-441E-938D-66CF409F1D86}.Debug|x64.Build.0 = Debug|x64
		{C2BB25B2-0C5A-441E-938D-66CF409F1D86}.Debug|x86.ActiveCfg = Debug|Win32
		{C2BB25B2-0C5A-441E-938D-66CF409F1D86}.Debug|x86.Build.0 = Debug|Win32
		{C2BB25B2-0C5A-441E-938D-66CF409F1D86}.Release|x64.ActiveCfg = Release|x64
		{C2BB25B2-0C5A-441E-938D-66CF409F1D86}.Release|x64.Build.0 = Release|x64
		{C2BB25B2-0C5A-441E-938D-66CF409F1D86}.Release|x86.ActiveCfg = Release|Win32
		{C2BB25B2-0C5A-441E-938D-66CF409F1D86}.Release|x86.Build.0 = Release|Win32
		{FF93BC3A-4F5D-4DD4-8944-F5DEF010F645}.Debug|x64.ActiveCfg = Debug|x64
		{FF93BC3A-4F5D-4DD4-8944-F5DEF010F645}.Debug|x64.Build.0 = Debug|x64
		{FF93BC3A-4F5D-4DD4-8944-F5DEF010F645}.Debug|x86.ActiveCfg = Debug|Win32
		{FF93BC3A-4F5D-4DD4-8944-F5DEF010F645}.Debug|x86.Build.0 = Debug|Win32
		{FF93BC3A-4F5D-4DD4-8944-F5DEF010F645}.Release|x64.ActiveCfg = Release|x64
		{FF93BC3A-4F5D-4DD4-8944-F5DEF010F645}.Release|x64.Build.0 = Release|x64
		{FF93BC3A-4F5D-4DD4-8944-F5DEF010F645}.Release|x86.ActiveCfg = Release|Win32
		{FF93BC3A-4F5D-4DD4-8944-F5DEF010F645}.Release|x86.Build.0 = Release|Win32
		{67D34171-0A7E-43E6-9579-E86659C135BB}.Debug|x64.ActiveCfg = Debug|x64
		{67D34171-0A7E-43E6-9579-E86659C135BB}.Debug|x64.Build.0 = Debug|x64
		{67D34171-0A7E-43E6-9579-E86659C135BB}.Debug|x86.ActiveCfg = Debug|Win32
		{67D34171-0A7E-43E6-9579-E86659C135BB}.Debug|x86.Build.0 = Debug|Win32
		{67D34171-0A7E-43E6-9579-E86659C135BB}.Release|x64.ActiveCfg = Release|x64
		{67D34171-0A7E-43E6-9579-E86659C135BB}.Release|x64.Build.0 = Release|x64
		{67D34171-0A7E-43E6-9579-E86659C135BB}.Release|x86.ActiveCfg = Release|Win32
		{67D34171-0A7E-43E6-9579-E86659C135BB}.Release|x86.Build.0 = Release|Win32
		{1FECA07A-D689-44E7-8726-280CA5C745AD}.Debug|x64.ActiveCfg = Debug|x64
		{1FECA07A-D689-44E7-8726-280CA5C745AD}.Debug|x64.Build.0 = Debug|x64
		{1FECA07A-D689-44E7-8726-280CA5C745AD}.Debug|x86.ActiveCfg = Debug|Win32
		{1FECA07A-D689-44E7-8726-280CA5C745AD}.Debug|x86.Build.0 = Debug|Win32
		{1FECA07A-D689-44E7-8726-280CA5C745AD}.Release|x64.ActiveCfg = Release|x64
		{1FECA07A-D689-44E7-8726-280CA5C745AD}.Release|x64.Build.0 = Release|x64
		{1FECA07A-D689-44E7-8726-280CA5C745AD}.Release|x86.ActiveCfg = Release|Win32
		{1FECA07A-D689-44E7-8726-280CA5C745AD}.Release|x86.Build.0 = Release|Win32
		{A2271C32-CAA1-4BB7-B936-F543EF41B3D8}.Debug|x64.ActiveCfg = Debug|x64
		{A2271C32-CAA1-4BB7-B936-F543EF41B3D8}.Debug|x64.Build.0 = Debug|x64
		{A2271C32-CAA1-4BB7-B936-F543EF41B3D8}.Debug|x86.ActiveCfg = Debug|Win32
		{A2271C32-CAA1-4BB7-B936-F543EF41B3D8}.Debug|x86.Build.0 = Debug|Win32
		{A2271C32-CAA1-4BB7-B936-F543EF41B3D8}.Release|x64.ActiveCfg = Release|x64
		{A2271C32-CAA1-4BB7-B936-F543EF41B3D8}.Release|x64.Build.0 = Release|x64
		{A2271C32-CAA1-4BB7-B936-F543EF41B3D8}.Release|x86.ActiveCfg = Release|Win32
		{A2271C32-CAA1-4BB7-B936-F543EF41B3D8}.Release|x86.Build.0 = Release|Win32
		{6AE23BBD-680C-460A-9CE8-0AB419835749}.Debug|x64.ActiveCfg = Debug|x64
		{6AE23BBD-680C-460A-9CE8-0AB419835749}.Debug|x64.Build.0 = Debug|x64
		{6AE23BBD-680C-460A-9CE8-0AB419835749}.Debug|x86.ActiveCfg = Debug|Win32
		{6AE23BBD-680C-460A-9CE8-0AB419835749}.Debug|x86.Build.0 = Debug|Win32
		{6AE23BBD-680C-460A-9CE8-0AB419835749}.Release|x64.ActiveCfg = Release|x64
		{6AE23BBD-680C-460A-9CE8-0AB419835749}.Release|x64.Build.0 = Release|x64
		{6AE23BBD-680C-460A-9CE8-0AB419835749}.Release|x86.ActiveCfg = Release|Win32
		{6AE23BBD-680C-460A-9CE8-0AB419835749}.Release|x86.Build.0 = Release|Win32
		{C09B0EA7-B61B-4CFC-AEFE-3FCA449A697F}.Debug|x64.ActiveCfg = Debug|x64
		{C09B0EA7-B61B-4CFC-AEFE-3FCA449A697F}.Debug|x64.Build.0 = Debug|x64
		{C09B0EA7-B61B-4CFC-AEFE-3FCA449A697F}.Debug|x86.ActiveCfg = Debug|Win32
		{C09B0EA7-B61B-4CFC-AEFE-3FCA449A697F}.Debug|x86.Build.0 = Debug|Win32
		{C09B0EA7-B61B-4CFC-AEFE-3FCA449A697F}.Release|x64.ActiveCfg = Release|x64
		{C09B0EA7-B61B-4CFC-AEFE-3FCA449A697F}.Release|x64.Build.0 = Release|x64
		{C09B0EA7-B61B-4CFC-AEFE-3FCA449A697F}.Release|x86.ActiveCfg = Release|Win32
		{C09B0EA7-B61B-4CFC-AEFE-3FCA449A697F}.Release|x86.Build.0 = Release|Win32
		{08ABED89-867F-4A67-B34B-2D32F23E2A3A}.Debug|x64.ActiveCfg = Debug|x64
		{08ABED89-867F-4A67-B34B-2D32F23E2A3A}.Debug|x64.Build.0 = Debug|x64
		{08ABED89-867F-4A67-B34B-2D32F23E2A3A}.Debug|x86.ActiveCfg = Debug|Win32
		{08ABED89-867F-4A67-B34B-2D32F23E2A3A}.Debug|x86.Build.0 = Debug|Win32
		{08ABED89-867F-4A67-B34B-2D32F23E2A3A}.Release|x64.ActiveCfg = Release|x64
		{08ABED89-867F-4A67-B34B-2D32F23E2A3A}.Release|x64.Build.0 = Release|x64
		{08ABED89-867F-4A67-B34B-2D32F23E2A3A}.Release|x86.ActiveCfg = Release|Win32
		{08ABED89-867F-4A67-B34B-2D32F23E2A3A}.Release|x86.Build.0 = Release|Win32
		{76E72544-0E03-40D2-B687-32A8577BF9BE}.Debug|x64.ActiveCfg = Debug|x64
		{76E72544-0E03-40D2-B687-32A8577BF9BE}.Debug|x64.Build.0 = Debug|x64
		{76E72544-0E03-40D2-B687-32A8577BF9BE}.Debug|x86.ActiveCfg = Debug|Win32
		{76E72544-0E03-40D2-B687-32A8577BF9BE}.Debug|x86.Build.0 = Debug|Win32
		{76E72544-0E03-40D2-B687-32A8577BF9BE}.Release|x64.ActiveCfg = Release|x64
		{76E72544-0E03-40D2-B687-32A8577BF9BE}.Release|x64.Build.0 = Release|x64
		{76E72544-0E03-40D2-B687-32A8577BF9BE}.Release|x86.ActiveCfg = Release|Win32
		{76E72544-0E03-40D2-B687-32A8577BF9BE}.Release|x86.Build.0 = Release|Win32
		{8C1B57EB-4578-4182-BCD7-3932CAD6B6CC}.Debug|x64.ActiveCfg = Debug|x64
		{8C1B57EB-4578-4182-BCD7-3932CAD6B6CC}.Debug|x64.Build.0 = Debug|x64
		{8C1B57EB-4578-4182-BCD7-3932CAD6B6CC}.Debug|x86.ActiveCfg = Debug|Win32
		{8C1B57EB-4578-4182-BCD7-3932CAD6B6CC}.Debug|x86.Build.0 = Debug|Win32
		{8C1B57EB-4578-4182-BCD7-3932CAD6B6CC}.Release|x64.ActiveCfg = Release|x64
		{8C1B57EB-4578-4182-BCD7-3932CAD6B6CC}.Release|x64.Build.0 = Release|x64
		{8C1B57EB-4578-4182-BCD7-3932CAD6B6CC}.Release|x86.ActiveCfg = Release|Win32
		{8C1B57EB-4578-4182-BCD7-3932CAD6B6CC}.Release|x86.Build.0 = Release|Win32
		{F450A9F2-F085-44B5-AB45-A0120B89B3DC}.Debug|x64.ActiveCfg = Debug|x64
		{F450A9F2-F085-44B5-AB45-A0120B89B3DC}.Debug|x64.Build.0 = Debug|x64
		{F450A9F2-F085-44B5-AB45-A0120B89B3DC}.Debug|x86.ActiveCfg = Debug|Win32
		{F450A9F2-F085-44B5-AB45-A0120B89B3DC}.Debug|x86.Build.0 = Debug|Win32
		{F450A9F2-F085-44B5-AB45-A0120B89B3DC}.Release|x64.ActiveCfg = Release|x64
		{F450A9F2-F085-44B5-AB45-A0120B89B3DC}.Release|x64.Build.0 = Release|x64
		{F450A9F2-F085-44B5-AB45-A0120B89B3DC}.Release|x86.ActiveCfg = Release|Win32
		{F450A9F2-F085-44B5-AB45-A0120B89B3DC}.Release|x86.Build.0 = Release|Win32
		{AECC9DCE-0BB1-44C1-AACD-653135063276}.Debug|x64.ActiveCfg = Debug|x64
		{AECC9DCE-0BB1-44C1-AACD-653135063276}.Debug|x64.Build.0 = Debug|x64
		{AECC9DCE-0BB1-44C1-AACD-653135063276}.Debug|x86.ActiveCfg = Debug|Win32
		{AECC9DCE-0BB1-44C1-AACD-653135063276}.Debug|x86.Build.0 = Debug|Win32
		{AECC9DCE-0BB1-44C1-AACD-653135063276}.Release|x64.ActiveCfg = Release|x64
		{AECC9DCE-0BB1-44C1-AACD-653135063276}.Release|x64.Build.0 = Release|x64
		{AECC9DCE-0BB1-44C1-AACD-653135063276}.Release|x86.ActiveCfg = Release|Win32
		{AECC9DCE-0BB1-44C1-AACD-653135063276}.Release|x86.Build.0 = Release|Win32
		{D8F2A5E9-B871-48E7-9518-B02A9ADAD274}.Debug|x64.ActiveCfg = Debug|x64
		{D8F2A5E9-B871-48E7-9518-B02A9ADAD274}.Debug|x64.Build.0 = Debug|x64
		{D8F2A5E9-B871-48E7-9518-B02A9ADAD274}.Debug|x86.ActiveCfg = Debug|Win32
		{D8F2A5E9-B871-48E7-9518-B02A9ADAD274}.Debug|x86.Build.0 = Debug|Win32
		{D8F2A5E9-B871-48E7-9518-B02A9ADAD274}.Release|x64.ActiveCfg = Release|x64
		{D8F2A5E9-B871-48E7-9518-B02A9ADAD274}.Release|x64.Build.0 = Release|x64
		{D8F2A5E9-B871-48E7-9518-B02A9ADAD274}.Release|x86.ActiveCfg = Release|Win32
		{D8F2A5E9-B871-48E7-9518-B02A9ADAD274}.Release|x86.Build.0 = Release|Win32
		{989EA475-C836-497C-A888-EFF39B58AFF2}.Debug|x64.ActiveCfg = Debug|x64
		{989EA475-C836-497C-A888-EFF39B58AFF2}.Debug|x64.Build.0 = Debug|x64
		{989EA475-C836-497C-A888-EFF39B58AFF2}.Debug|x86.ActiveCfg = Debug|Win32
		{989EA475-C836-497C-A888-EFF39B58AFF2}.Debug|x86.Build.0 = Debug|Win32
		{989EA475-C836-497C-A888-EFF39B58AFF2}.Release|x64.ActiveCfg = Release|x64
		{989EA475-C836-497C-A888-EFF39B58AFF2}.Release|x64.Build.0 = Release|x64
		{989EA475-C836-497C-A888-EFF39B58AFF2}.Release|x86.ActiveCfg = Release|Win32
		{989EA475-C836-497C-A888-EFF39B58AFF2}.Release|x86.Build.0 = Release|Win32
		{8A6C7CB6-2247-4064-AF71-1C674BB87C7B}.Debug|x64.ActiveCfg = Debug|x64
		{8A6C7CB6-2247-4064-AF71-1C674BB87C7B}.Debug|x64.Build.0 = Debug|x64
		{8A6C7CB6-2247-4064-AF71-1C674BB87C7B}.Debug|x86.ActiveCfg = Debug|Win32
		{8A6C7CB6-2247-4064-AF71-1C674BB87C7B}.Debug|x86.Build.0 = Debug|Win32
		{8A6C7CB6-2247-4064-AF71-1C674BB87C7B}.Release|x64.ActiveCfg = Release|x64
		{8A6C7CB6-2247-4064-AF71-1C674BB87C7B}.Release|x64.Build.0 = Release|x64
		{8A6C7CB6-2247-4064-AF71-1C674BB87C7B}.Release|x86.ActiveCfg = Release|Win32
		{8A6C7CB6-2247-4064-AF71-1C674BB87C7B}.Release|x86.Build.0 = Release|Win32
		{F2AC872C-1231-46C5-8C46-ABB94B13EA07}.Debug|x64.ActiveCfg = Debug|x64
		{F2AC872C-1231-46C5-8C46-ABB94B13EA07}.Debug|x64.Build.0 = Debug|x64
		{F2AC872C-1231-46C5-8C46-ABB94B13EA07}.Debug|x86.ActiveCfg = Debug|Win32
		{F2AC872C-1231-46C5-8C46-ABB94B13EA07}.Debug|x86.Build.0 = Debug|Win32
		{F2AC872C-1231-46C5-8C46-ABB94B13EA07}.Release|x64.ActiveCfg = Release|x64
		{F2AC872C-1231-46C5-8C46-ABB94B13EA07}.Release|x64.Build.0 = Release|x64
		{F2AC872C-1231-46C5-8C46-ABB94B13EA07}.Release|x86.ActiveCfg = Release|Win32
		{F2AC872C-1231-46C5-8C46-ABB94B13EA07}.Release|x86.Build.0 = Release|Win32
		{0B420B66-6C19-4AF9-B476-F1CA5847CCAD}.Debug|x64.ActiveCfg = Debug|x64
		{0B420B66-6C19-4AF9-B476-F1CA5847CCAD}.Debug|x64.Build.0 = Debug|x64
		{0B420B66-6C19-4AF9-B476-F1CA5847CCAD}.Debug|x86.ActiveCfg = Debug|Win32
		{0B420B66-6C19-4AF9-B476-F1CA5847CCAD}.Debug|x86.Build.0 = Debug|Win32
		{0B420B66-6C19-4AF9-B476-F1CA5847CCAD}.Release|x64.ActiveCfg = Release|x64
		{0B420B66-6C19-4AF9-B476-F1CA5847CCAD}.Release|x64.Build.0 = Release|x64
		{0B420B66-6C19-4AF9-B476-F1CA5847CCAD}.Release|x86.ActiveCfg = Release|Win32
		{0B420B66-6C19-4AF9-B476-F1CA5847CCAD}.Release|x86.Build.0 = Release|Win32
		{16EE3AB2-65F5-4D1A-8048-5F4113FB1B82}.Debug|x64.ActiveCfg = Debug|x64
		{16EE3AB2-65F5-4D1A-8048-5F4113FB1B82}.Debug|x64.Build.0 = Debug|x64
		{16EE3AB2-65F5-4D1A-8048-5F4113FB1B82}.Debug|x86.ActiveCfg = Debug|Win32
		{16EE3AB2-65F5-4D1A-8048-5F4113FB1B82}.Debug|x86.Build.0 = Debug|Win32
		{16EE3AB2-65F5-4D1A-8048-5F4113FB1B82}.Release|x64.ActiveCfg = Release|x64
		{16EE3AB2-65F5-4D1A-8048-5F4113FB1B82}.Release|x64.Build.0 = Release|x64
		{16EE3AB2-65F5-4D1A-8048-5F4113FB1B82}.Release|x86.ActiveCfg = Release|Win32
		{16EE3AB2-65F5-4D1A-8048-5F4113FB1B82}.Release|x86.Build.0 = Release|Win32
		{2457307E-7C3B-4CEC-973E-BF8333D9871D}.Debug|x64.ActiveCfg = Debug|x64
		{2457307E-7C3B-4CEC-973E-BF8333D9871D}.Debug|x64.Build.0 = Debug|x64
		{2457307E-7C3B-4CEC-973E-BF8333D9871D}.Debug|x86.ActiveCfg = Debug|Win32
		{2457307E-7C3B-4CEC-973E-BF8333D9871D}.Debug|x86.Build.0 = Debug|Win32
		{2457307E-7C3B-4CEC-973E-BF8333D9871D}.Release|x64.ActiveCfg = Release|x64
		{2457307E-7C3B-4CEC-973E-BF8333D9871D}.Release|x64.Build.0 = Release|x64
		{2457307E-7C3B-4CEC-973E-BF8333D9871D}.Release|x86.ActiveCfg = Release|Win32
		{2457307E-7C3B-4CEC-973E-BF8333D9871D}.Release|x86.Build.0 = Release|Win32
		{722A50FC-0427-4773-937F-D00C8EAB4857}.Debug|x64.ActiveCfg = Debug|x64
		{722A50FC-0427-4773-937F-D00C8EAB4857}.Debug|x64.Build.0 = Debug|x64
		{722A50FC-0427-4773-937F-D00C8EAB4857}.Debug|x86.ActiveCfg = Debug|Win32
		{722A50FC-0427-4773-937F-D00C8EAB4857}.Debug|x86.Build.0 = Debug|Win32
		{722A50FC-0427-4773-937F-D00C8EAB4857}.Release|x64.ActiveCfg = Release|x64
		{722A50FC-0427-4773-937F-D00C8EAB4857}.Release|x64.Build.0 = Release|x64
		{722A50FC-0427-4773-937F-D00C8EAB4857}.Release|x86.ActiveCfg = Release|Win32
		{722A50FC-0427-4773-937F-D00C8EAB4857}.Release|x86.Build.0 = Release|Win32
		{13534CAD-9D62-402C-B7FA-A72A82918972}.Debug|x64.ActiveCfg = Debug|x64
		{13534CAD-9D62-402C-B7FA-A72A82918972}.Debug|x64.Build.0 = Debug|x64
		{13534CAD-9D62-402C-B7FA-A72A82918972}.Debug|x86.ActiveCfg = Debug|Win32
		{13534CAD-9D62-402C-B7FA-A72A82918972}.Debug|x86.Build.0 = Debug|Win32
		{13534CAD-9D62-402C-B7FA-A72A82918972}.Release|x64.ActiveCfg = Release|x64
		{13534CAD-9D62-402C-B7FA-A72A82918972}.Release|x64.Build.0 = Release|x64
		{13534CAD-9D62-402C-B7FA-A72A82918972}.Release|x86.ActiveCfg = Release|Win32
		{13534CAD-9D62-402C-B7FA-A72A82918972}.Release|x86.Build.0 = Release|Win32
		{9A389ABE-41EA-4201-9912-E1A91F4F52C2}.Debug|x64.ActiveCfg = Debug|x64
		{9A389ABE-41EA-4201-9912-E1A91F4F52C2}.Debug|x64.Build.0 = Debug|x64
		{9A389ABE-41EA-4201-9912-E1A91F4F52C2}.Debug|x86.ActiveCfg = Debug|Win32
		{9A389ABE-41EA-4201-9912-E1A91F4F52C2}.Debug|x86.Build.0 = Debug|Win32
		{9A389ABE-41EA-4201-9912-E1A91F4F52C2}.Release|x64.ActiveCfg = Release|x64
		{9A389ABE-41EA-4201-9912-E1A91F4F52C2}.Release|x64.Build.0 = Release|x64
		{9A389ABE-41EA-4201-9912-E1A91F4F52C2}.Release|x86.ActiveCfg = Release|Win32
		{9A389ABE-41EA-4201-9912-E1A91F4F52C2}.Release|x86.Build.0 = Release|Win32
		{ECD54253-F680-4A2B-A3DD-3FB39B48BC54}.Debug|x64.ActiveCfg = Debug|x64
		{ECD54253-F680-4A2B-A3DD-3FB39B48BC54}.Debug|x64.Build.0 = Debug|x64
		{ECD54253-F680-4A2B-A3DD-3FB39B48BC54}.Debug|x86.ActiveCfg = Debug|Win32
		{ECD54253-F680-4A2B-A3DD-3FB39B48BC54}.Debug|x86.Build.0 = Debug|Win32
		{ECD54253-F680-4A2B-A3DD-3FB39B48BC54}.Release|x64.ActiveCfg = Release|x64
		{ECD54253-F680-4A2B-A3DD-3FB39B48BC54}.Release|x64.Build.0 = Release|x64
		{ECD54253-F680-4A2B-A3DD-3FB39B48BC54}.Release|x86.ActiveCfg = Release|Win32
		{ECD54253-F680-4A2B-A3DD-3FB39B48BC54}.Release|x86.Build.0 = Release|Win32
		{DAFF57AF-85CF-4D58-BEFB-D4A83ED99801}.Debug|x64.ActiveCfg = Debug|x64
		{DAFF57AF-85CF-4D58-BEFB-D4A83ED99801}.Debug|x64.Build.0 = Debug|x64
		{DAFF57AF-85CF-4D58-BEFB-D4A83ED99801}.Debug|x86.ActiveCfg = Debug|Win32
		{DAFF57AF-85CF-4D58-BEFB-D4A83ED99801}.Debug|x86.Build.0 = Debug|Win32
		{DAFF57AF-85CF-4D58-BEFB-D4A83ED99801}.Release|x64.ActiveCfg = Release|x64
		{DAFF57AF-85CF-4D58-BEFB-D4A83ED99801}.Release|x64.Build.0 = Release|x64
		{DAFF57AF-85CF-4D58-BEFB-D4A83ED99801}.Release|x86.ActiveCfg = Release|Win32
		{DAFF57AF-85CF-4D58-BEFB-D4A83ED99801}.Release|x86.Build.0 = Release|Win32
		{B6B84854-0982-4EC2-B501-2F592D5E479B}.Debug|x64.ActiveCfg = Debug|x64
		{B6B84854-0982-4EC2-B501-2F592D5E479B}.Debug|x64.Build.0 = Debug|x64
		{B6B84854-0982-4EC2-B501-2F592D5E479B}.Debug|x86.ActiveCfg = Debug|Win32
		{B6B84854-0982-4EC2-B501-2F592D5E479B}.Debug|x86.Build.0 = Debug|Win32
		{B6B84854-0982-4EC2-B501-2F592D5E479B}.Release|x64.ActiveCfg = Release|x64
		{B6B84854-0982-4EC2-B501-2F592D5E479B}.Release|x64.Build.0 = Release|x64
		{B6B84854-0982-4EC2-B501-2F592D5E479B}.Release|x86.ActiveCfg = Release|Win32
		{B6B84854-0982-4EC2-B501-2F592D5E479B}.Release|x86.Build.0 = Release|Win32
		{2D127838-5424-4B70-9BBC-4D32213E580F}.Debug|x64.ActiveCfg = Debug|x64
		{2D127838-5424-4B70-9BBC-4D32213E580F}.Debug|x64.Build.0 = Debug|x64
		{2D127838-5424-4B70-9BBC-4D32213E580F}.Debug|x86.ActiveCfg = Debug|Win32
		{2D127838-5424-4B70-9BBC-4D32213E580F}.Debug|x86.Build.0 = Debug|Win32
		{2D127838-5424-4B70-9BBC-4D32213E580F}.Release|x64.ActiveCfg = Release|x64
		{2D127838-5424-4B70-9BBC-4D32213E580F}.Release|x64.Build.0 = Release|x64
		{2D127838-5424-4B70-9BBC-4D32213E580F}.Release|x86.ActiveCfg = Release|Win32
		{2D127838-5424-4B70-9BBC-4D32213E580F}.Release|x86.Build.0 = Release|Win32
	EndGlobalSection
	GlobalSection(SolutionProperties) = preSolution
		HideSolutionNode = FALSE
	EndGlobalSection
	GlobalSection(ExtensibilityGlobals) = postSolution
		SolutionGuid = {7B4D6891-7BBF-4F21-AB15-12AE56BF4949}
	EndGlobalSection
EndGlobal
